
Microsoft Visual Studio Solution File, Format Version 12.00
# Visual Studio 15
VisualStudioVersion = 15.0.27130.2010
MinimumVisualStudioVersion = 10.0.40219.1
Project("{FAE04EC0-301F-11D3-BF4B-00C04F79EFBC}") = "GeneticAlgorithm", "Genetic Algorithm\GeneticAlgorithm.csproj", "{F459F4A5-21B3-4DED-B5CA-76F98C5CFC9D}"
EndProject
Project("{FAE04EC0-301F-11D3-BF4B-00C04F79EFBC}") = "Polygons", "Polygons\Polygons.csproj", "{82FA6A37-0056-4FD8-B945-56E31A0B81FA}"
EndProject
Project("{FAE04EC0-301F-11D3-BF4B-00C04F79EFBC}") = "PolyGaLauncher", "PolyGaLauncher\PolyGaLauncher.csproj", "{A3D0F792-03C8-4B4F-9419-7246EFE04506}"
EndProject
Project("{54435603-DBB4-11D2-8724-00A0C9A8B90C}") = "PolyGa-Setup", "PolyGa-Setup\PolyGa-Setup.vdproj", "{3FD5CDF7-D6C5-45B1-B74A-3D3E6260F364}"
EndProject
Global
	GlobalSection(SolutionConfigurationPlatforms) = preSolution
		Debug|Any CPU = Debug|Any CPU
		Debug|x86 = Debug|x86
		Release|Any CPU = Release|Any CPU
		Release|x86 = Release|x86
	EndGlobalSection
	GlobalSection(ProjectConfigurationPlatforms) = postSolution
		{F459F4A5-21B3-4DED-B5CA-76F98C5CFC9D}.Debug|Any CPU.ActiveCfg = Debug|Any CPU
		{F459F4A5-21B3-4DED-B5CA-76F98C5CFC9D}.Debug|Any CPU.Build.0 = Debug|Any CPU
		{F459F4A5-21B3-4DED-B5CA-76F98C5CFC9D}.Debug|x86.ActiveCfg = Debug|Any CPU
		{F459F4A5-21B3-4DED-B5CA-76F98C5CFC9D}.Debug|x86.Build.0 = Debug|Any CPU
		{F459F4A5-21B3-4DED-B5CA-76F98C5CFC9D}.Release|Any CPU.ActiveCfg = Release|Any CPU
		{F459F4A5-21B3-4DED-B5CA-76F98C5CFC9D}.Release|Any CPU.Build.0 = Release|Any CPU
		{F459F4A5-21B3-4DED-B5CA-76F98C5CFC9D}.Release|x86.ActiveCfg = Release|x86
		{F459F4A5-21B3-4DED-B5CA-76F98C5CFC9D}.Release|x86.Build.0 = Release|x86
		{82FA6A37-0056-4FD8-B945-56E31A0B81FA}.Debug|Any CPU.ActiveCfg = Debug|Any CPU
		{82FA6A37-0056-4FD8-B945-56E31A0B81FA}.Debug|Any CPU.Build.0 = Debug|Any CPU
		{82FA6A37-0056-4FD8-B945-56E31A0B81FA}.Debug|x86.ActiveCfg = Debug|Any CPU
		{82FA6A37-0056-4FD8-B945-56E31A0B81FA}.Debug|x86.Build.0 = Debug|Any CPU
		{82FA6A37-0056-4FD8-B945-56E31A0B81FA}.Release|Any CPU.ActiveCfg = Release|Any CPU
		{82FA6A37-0056-4FD8-B945-56E31A0B81FA}.Release|Any CPU.Build.0 = Release|Any CPU
		{82FA6A37-0056-4FD8-B945-56E31A0B81FA}.Release|x86.ActiveCfg = Release|x86
		{82FA6A37-0056-4FD8-B945-56E31A0B81FA}.Release|x86.Build.0 = Release|x86
		{A3D0F792-03C8-4B4F-9419-7246EFE04506}.Debug|Any CPU.ActiveCfg = Debug|Any CPU
		{A3D0F792-03C8-4B4F-9419-7246EFE04506}.Debug|Any CPU.Build.0 = Debug|Any CPU
		{A3D0F792-03C8-4B4F-9419-7246EFE04506}.Debug|x86.ActiveCfg = Debug|Any CPU
		{A3D0F792-03C8-4B4F-9419-7246EFE04506}.Debug|x86.Build.0 = Debug|Any CPU
		{A3D0F792-03C8-4B4F-9419-7246EFE04506}.Release|Any CPU.ActiveCfg = Release|Any CPU
		{A3D0F792-03C8-4B4F-9419-7246EFE04506}.Release|Any CPU.Build.0 = Release|Any CPU
		{A3D0F792-03C8-4B4F-9419-7246EFE04506}.Release|x86.ActiveCfg = Release|Any CPU
		{A3D0F792-03C8-4B4F-9419-7246EFE04506}.Release|x86.Build.0 = Release|Any CPU
		{3FD5CDF7-D6C5-45B1-B74A-3D3E6260F364}.Debug|Any CPU.ActiveCfg = Debug
		{3FD5CDF7-D6C5-45B1-B74A-3D3E6260F364}.Debug|Any CPU.Build.0 = Debug
		{3FD5CDF7-D6C5-45B1-B74A-3D3E6260F364}.Debug|x86.ActiveCfg = Debug
		{3FD5CDF7-D6C5-45B1-B74A-3D3E6260F364}.Debug|x86.Build.0 = Debug
		{3FD5CDF7-D6C5-45B1-B74A-3D3E6260F364}.Release|Any CPU.ActiveCfg = Release
		{3FD5CDF7-D6C5-45B1-B74A-3D3E6260F364}.Release|Any CPU.Build.0 = Release
		{3FD5CDF7-D6C5-45B1-B74A-3D3E6260F364}.Release|x86.ActiveCfg = Release
		{3FD5CDF7-D6C5-45B1-B74A-3D3E6260F364}.Release|x86.Build.0 = Release
	EndGlobalSection
	GlobalSection(SolutionProperties) = preSolution
		HideSolutionNode = FALSE
	EndGlobalSection
	GlobalSection(ExtensibilityGlobals) = postSolution
		SolutionGuid = {E5387A31-264C-40D2-AACD-147B817BAD45}
	EndGlobalSection
EndGlobal
